
Microsoft Visual Studio Solution File, Format Version 12.00
# Visual Studio Version 17
VisualStudioVersion = 17.4.32725.486
MinimumVisualStudioVersion = 10.0.40219.1
Project("{FAE04EC0-301F-11D3-BF4B-00C04F79EFBC}") = "XamlPsychHost", "XamlPsychHost\XamlPsychHost.csproj", "{F8CF5F31-3552-4A9B-9362-63619A47B856}"
EndProject
Project("{2150E333-8FDC-42A3-9474-1A3956D46DE8}") = "Solution Items", "Solution Items", "{9A2FF6B6-8CF5-45B8-874B-2033F7C47170}"
	ProjectSection(SolutionItems) = preProject
		Notes.md = Notes.md
	EndProjectSection
EndProject
Project("{FAE04EC0-301F-11D3-BF4B-00C04F79EFBC}") = "XamlPsychHost.LightHub", "XamlPsychHost.LightHub\XamlPsychHost.LightHub.csproj", "{2D6BEDE8-3A6F-4934-BD82-6F08027F0B8C}"
EndProject
Project("{FAE04EC0-301F-11D3-BF4B-00C04F79EFBC}") = "XamlPsychHost.LibRaw", "XamlPsychHost.LibRaw\XamlPsychHost.LibRaw.csproj", "{5107AE61-8F67-4529-A2C1-7F27A8B61ECF}"
EndProject
Global
	GlobalSection(SolutionConfigurationPlatforms) = preSolution
		Debug|Any CPU = Debug|Any CPU
		Debug|x64 = Debug|x64
		Release|Any CPU = Release|Any CPU
		Release|x64 = Release|x64
	EndGlobalSection
	GlobalSection(ProjectConfigurationPlatforms) = postSolution
		{F8CF5F31-3552-4A9B-9362-63619A47B856}.Debug|Any CPU.ActiveCfg = Debug|Any CPU
		{F8CF5F31-3552-4A9B-9362-63619A47B856}.Debug|Any CPU.Build.0 = Debug|Any CPU
		{F8CF5F31-3552-4A9B-9362-63619A47B856}.Debug|x64.ActiveCfg = Debug|x64
		{F8CF5F31-3552-4A9B-9362-63619A47B856}.Debug|x64.Build.0 = Debug|x64
		{F8CF5F31-3552-4A9B-9362-63619A47B856}.Release|Any CPU.ActiveCfg = Release|Any CPU
		{F8CF5F31-3552-4A9B-9362-63619A47B856}.Release|Any CPU.Build.0 = Release|Any CPU
		{F8CF5F31-3552-4A9B-9362-63619A47B856}.Release|x64.ActiveCfg = Release|x64
		{F8CF5F31-3552-4A9B-9362-63619A47B856}.Release|x64.Build.0 = Release|x64
		{2D6BEDE8-3A6F-4934-BD82-6F08027F0B8C}.Debug|Any CPU.ActiveCfg = Debug|Any CPU
		{2D6BEDE8-3A6F-4934-BD82-6F08027F0B8C}.Debug|Any CPU.Build.0 = Debug|Any CPU
		{2D6BEDE8-3A6F-4934-BD82-6F08027F0B8C}.Debug|x64.ActiveCfg = Debug|Any CPU
		{2D6BEDE8-3A6F-4934-BD82-6F08027F0B8C}.Debug|x64.Build.0 = Debug|Any CPU
		{2D6BEDE8-3A6F-4934-BD82-6F08027F0B8C}.Release|Any CPU.ActiveCfg = Release|Any CPU
		{2D6BEDE8-3A6F-4934-BD82-6F08027F0B8C}.Release|Any CPU.Build.0 = Release|Any CPU
		{2D6BEDE8-3A6F-4934-BD82-6F08027F0B8C}.Release|x64.ActiveCfg = Release|Any CPU
		{2D6BEDE8-3A6F-4934-BD82-6F08027F0B8C}.Release|x64.Build.0 = Release|Any CPU
		{5107AE61-8F67-4529-A2C1-7F27A8B61ECF}.Debug|Any CPU.ActiveCfg = Debug|Any CPU
		{5107AE61-8F67-4529-A2C1-7F27A8B61ECF}.Debug|Any CPU.Build.0 = Debug|Any CPU
		{5107AE61-8F67-4529-A2C1-7F27A8B61ECF}.Debug|x64.ActiveCfg = Debug|Any CPU
		{5107AE61-8F67-4529-A2C1-7F27A8B61ECF}.Debug|x64.Build.0 = Debug|Any CPU
		{5107AE61-8F67-4529-A2C1-7F27A8B61ECF}.Release|Any CPU.ActiveCfg = Release|Any CPU
		{5107AE61-8F67-4529-A2C1-7F27A8B61ECF}.Release|Any CPU.Build.0 = Release|Any CPU
		{5107AE61-8F67-4529-A2C1-7F27A8B61ECF}.Release|x64.ActiveCfg = Release|Any CPU
		{5107AE61-8F67-4529-A2C1-7F27A8B61ECF}.Release|x64.Build.0 = Release|Any CPU
	EndGlobalSection
	GlobalSection(SolutionProperties) = preSolution
		HideSolutionNode = FALSE
	EndGlobalSection
	GlobalSection(ExtensibilityGlobals) = postSolution
		SolutionGuid = {CDEDB1F4-90C9-43F7-A441-59C98B3F2042}
	EndGlobalSection
EndGlobal
